{
  "name": "flowlines",
  "version": "1.1.0",
  "lockfileVersion": 1,
  "requires": true,
  "dependencies": {
    "@olivermulari/graphics": {
      "version": "1.0.4",
      "resolved": "https://npm.pkg.github.com/download/@olivermulari/graphics/1.0.4/7ce56a6b49ef5439380600c3e065af9c2d221fda7ac4ffb223fe3d703192cfc7",
      "integrity": "sha512-O/9c+860gJVE8gBCSnQNG+cDD+nEc7Wkwf71qMvhfLcfcTIySRK0cfD/8f4nW+zwacN7uoKavO3meXmpK3GsgQ=="
    }
  }
}
