{
  "name": "@olivermulari/flowlines",
  "version": "2.0.0",
  "lockfileVersion": 1,
  "requires": true,
  "dependencies": {
    "valojs": {
      "version": "1.0.2",
      "resolved": "https://registry.npmjs.org/valojs/-/valojs-1.0.2.tgz",
      "integrity": "sha512-CZVc93FCW7+MuRBjK9iJvhEYLVeyO3bosP+uX9Q2ZMD8xkSuLJzyBTIPVDv7U3x443odhL22gDFjTn7BtWJtew=="
    }
  }
}
